
Microsoft Visual Studio Solution File, Format Version 12.00
# Visual Studio 2012
Project("{FAE04EC0-301F-11D3-BF4B-00C04F79EFBC}") = "WoOzSounds", "WoOzSounds.csproj", "{867E24A4-F712-4BFD-9961-680B755AF3FB}"
EndProject
Global
	GlobalSection(SolutionConfigurationPlatforms) = preSolution
		Debug|x86 = Debug|x86
		Release|x86 = Release|x86
	EndGlobalSection
	GlobalSection(ProjectConfigurationPlatforms) = postSolution
		{867E24A4-F712-4BFD-9961-680B755AF3FB}.Debug|x86.ActiveCfg = Debug|x86
		{867E24A4-F712-4BFD-9961-680B755AF3FB}.Debug|x86.Build.0 = Debug|x86
		{867E24A4-F712-4BFD-9961-680B755AF3FB}.Release|x86.ActiveCfg = Release|x86
		{867E24A4-F712-4BFD-9961-680B755AF3FB}.Release|x86.Build.0 = Release|x86
	EndGlobalSection
	GlobalSection(SolutionProperties) = preSolution
		HideSolutionNode = FALSE
	EndGlobalSection
	GlobalSection(MonoDevelopProperties) = preSolution
		StartupItem = WoOzSounds\WoOzSounds.csproj
	EndGlobalSection
EndGlobal
