
Microsoft Visual Studio Solution File, Format Version 12.00
# Visual Studio 2012
Project("{FAE04EC0-301F-11D3-BF4B-00C04F79EFBC}") = "UtteranceManagerClient", "UtteranceManagerStandalone\UtteranceManagerClient.csproj", "{AD075D3C-E5D4-41C5-A7F9-6316BD0827EC}"
EndProject
Project("{FAE04EC0-301F-11D3-BF4B-00C04F79EFBC}") = "UtteranceManagerWPF", "UtteranceManagerWPF\UtteranceManagerWPF.csproj", "{AA12A8A2-C211-40EB-9E32-BFB2E2B9634B}"
EndProject
Project("{FAE04EC0-301F-11D3-BF4B-00C04F79EFBC}") = "UtteranceManager", "UtteranceManager\UtteranceManager.csproj", "{D00B49E6-C158-440C-8FA6-BF7BCC20ADB4}"
EndProject
Global
	GlobalSection(SolutionConfigurationPlatforms) = preSolution
		Debug|Any CPU = Debug|Any CPU
		Release|Any CPU = Release|Any CPU
	EndGlobalSection
	GlobalSection(ProjectConfigurationPlatforms) = postSolution
		{AD075D3C-E5D4-41C5-A7F9-6316BD0827EC}.Debug|Any CPU.ActiveCfg = Debug|Any CPU
		{AD075D3C-E5D4-41C5-A7F9-6316BD0827EC}.Debug|Any CPU.Build.0 = Debug|Any CPU
		{AD075D3C-E5D4-41C5-A7F9-6316BD0827EC}.Release|Any CPU.ActiveCfg = Release|Any CPU
		{AD075D3C-E5D4-41C5-A7F9-6316BD0827EC}.Release|Any CPU.Build.0 = Release|Any CPU
		{AA12A8A2-C211-40EB-9E32-BFB2E2B9634B}.Debug|Any CPU.ActiveCfg = Debug|Any CPU
		{AA12A8A2-C211-40EB-9E32-BFB2E2B9634B}.Debug|Any CPU.Build.0 = Debug|Any CPU
		{AA12A8A2-C211-40EB-9E32-BFB2E2B9634B}.Release|Any CPU.ActiveCfg = Release|Any CPU
		{AA12A8A2-C211-40EB-9E32-BFB2E2B9634B}.Release|Any CPU.Build.0 = Release|Any CPU
		{D00B49E6-C158-440C-8FA6-BF7BCC20ADB4}.Debug|Any CPU.ActiveCfg = Debug|Any CPU
		{D00B49E6-C158-440C-8FA6-BF7BCC20ADB4}.Debug|Any CPU.Build.0 = Debug|Any CPU
		{D00B49E6-C158-440C-8FA6-BF7BCC20ADB4}.Release|Any CPU.ActiveCfg = Release|Any CPU
		{D00B49E6-C158-440C-8FA6-BF7BCC20ADB4}.Release|Any CPU.Build.0 = Release|Any CPU
	EndGlobalSection
	GlobalSection(SolutionProperties) = preSolution
		HideSolutionNode = FALSE
	EndGlobalSection
EndGlobal
